
Microsoft Visual Studio Solution File, Format Version 12.00
# Visual Studio 15
VisualStudioVersion = 15.0.27428.2043
MinimumVisualStudioVersion = 10.0.40219.1
Project("{FAE04EC0-301F-11D3-BF4B-00C04F79EFBC}") = "PracticadeExamen2", "PracticadeExamen2\PracticadeExamen2.csproj", "{EA33ACC6-5B99-4821-AD52-B2079DBEC8C4}"
EndProject
Global
	GlobalSection(SolutionConfigurationPlatforms) = preSolution
		Debug|Any CPU = Debug|Any CPU
		Release|Any CPU = Release|Any CPU
	EndGlobalSection
	GlobalSection(ProjectConfigurationPlatforms) = postSolution
		{EA33ACC6-5B99-4821-AD52-B2079DBEC8C4}.Debug|Any CPU.ActiveCfg = Debug|Any CPU
		{EA33ACC6-5B99-4821-AD52-B2079DBEC8C4}.Debug|Any CPU.Build.0 = Debug|Any CPU
		{EA33ACC6-5B99-4821-AD52-B2079DBEC8C4}.Release|Any CPU.ActiveCfg = Release|Any CPU
		{EA33ACC6-5B99-4821-AD52-B2079DBEC8C4}.Release|Any CPU.Build.0 = Release|Any CPU
	EndGlobalSection
	GlobalSection(SolutionProperties) = preSolution
		HideSolutionNode = FALSE
	EndGlobalSection
	GlobalSection(ExtensibilityGlobals) = postSolution
		SolutionGuid = {22893303-3C5C-42C4-AFB7-33F38D7A89B6}
	EndGlobalSection
EndGlobal
